
Microsoft Visual Studio Solution File, Format Version 12.00
# Visual Studio Version 17
VisualStudioVersion = 17.14.35906.104
MinimumVisualStudioVersion = 10.0.40219.1
Project("{FAE04EC0-301F-11D3-BF4B-00C04F79EFBC}") = "Dentizone.Presentaion", "Dentizone.Presentaion\Dentizone.Presentaion.csproj", "{5A28AA9E-0376-4E2A-B717-D6D827F9A5CD}"
EndProject
Project("{FAE04EC0-301F-11D3-BF4B-00C04F79EFBC}") = "Dentizone.Infrastructure", "Dentizone.Infrastructure\Dentizone.Infrastructure.csproj", "{1D4018B0-156E-453E-8530-C41CE88EFF06}"
EndProject
Project("{FAE04EC0-301F-11D3-BF4B-00C04F79EFBC}") = "Dentizone.Domain", "Dentizone.Domain\Dentizone.Domain.csproj", "{BADF0166-FC5D-43C7-8E56-99661781B335}"
EndProject
Project("{FAE04EC0-301F-11D3-BF4B-00C04F79EFBC}") = "Dentizone.Application", "Dentizone.Application\Dentizone.Application.csproj", "{645A0128-D54A-489C-893D-CB162CE15B57}"
EndProject
Global
	GlobalSection(SolutionConfigurationPlatforms) = preSolution
		Debug|Any CPU = Debug|Any CPU
		Release|Any CPU = Release|Any CPU
	EndGlobalSection
	GlobalSection(ProjectConfigurationPlatforms) = postSolution
		{5A28AA9E-0376-4E2A-B717-D6D827F9A5CD}.Debug|Any CPU.ActiveCfg = Debug|Any CPU
		{5A28AA9E-0376-4E2A-B717-D6D827F9A5CD}.Debug|Any CPU.Build.0 = Debug|Any CPU
		{5A28AA9E-0376-4E2A-B717-D6D827F9A5CD}.Release|Any CPU.ActiveCfg = Release|Any CPU
		{5A28AA9E-0376-4E2A-B717-D6D827F9A5CD}.Release|Any CPU.Build.0 = Release|Any CPU
		{1D4018B0-156E-453E-8530-C41CE88EFF06}.Debug|Any CPU.ActiveCfg = Debug|Any CPU
		{1D4018B0-156E-453E-8530-C41CE88EFF06}.Debug|Any CPU.Build.0 = Debug|Any CPU
		{1D4018B0-156E-453E-8530-C41CE88EFF06}.Release|Any CPU.ActiveCfg = Release|Any CPU
		{1D4018B0-156E-453E-8530-C41CE88EFF06}.Release|Any CPU.Build.0 = Release|Any CPU
		{BADF0166-FC5D-43C7-8E56-99661781B335}.Debug|Any CPU.ActiveCfg = Debug|Any CPU
		{BADF0166-FC5D-43C7-8E56-99661781B335}.Debug|Any CPU.Build.0 = Debug|Any CPU
		{BADF0166-FC5D-43C7-8E56-99661781B335}.Release|Any CPU.ActiveCfg = Release|Any CPU
		{BADF0166-FC5D-43C7-8E56-99661781B335}.Release|Any CPU.Build.0 = Release|Any CPU
		{645A0128-D54A-489C-893D-CB162CE15B57}.Debug|Any CPU.ActiveCfg = Debug|Any CPU
		{645A0128-D54A-489C-893D-CB162CE15B57}.Debug|Any CPU.Build.0 = Debug|Any CPU
		{645A0128-D54A-489C-893D-CB162CE15B57}.Release|Any CPU.ActiveCfg = Release|Any CPU
		{645A0128-D54A-489C-893D-CB162CE15B57}.Release|Any CPU.Build.0 = Release|Any CPU
	EndGlobalSection
	GlobalSection(SolutionProperties) = preSolution
		HideSolutionNode = FALSE
	EndGlobalSection
	GlobalSection(ExtensibilityGlobals) = postSolution
		SolutionGuid = {A6C3270A-A63A-4227-B1E8-5B25A527F23F}
	EndGlobalSection
EndGlobal
